
Microsoft Visual Studio Solution File, Format Version 12.00
# Visual Studio 15
VisualStudioVersion = 15.0.27428.2005
MinimumVisualStudioVersion = 10.0.40219.1
Project("{FAE04EC0-301F-11D3-BF4B-00C04F79EFBC}") = "OrbitFind", "OrbitFind\OrbitFind.csproj", "{87602FF3-8326-45B4-B3D4-BC7F480952AF}"
EndProject
Global
	GlobalSection(SolutionConfigurationPlatforms) = preSolution
		Debug|Any CPU = Debug|Any CPU
		Debug|x64 = Debug|x64
		Release|Any CPU = Release|Any CPU
		Release|x64 = Release|x64
	EndGlobalSection
	GlobalSection(ProjectConfigurationPlatforms) = postSolution
		{87602FF3-8326-45B4-B3D4-BC7F480952AF}.Debug|Any CPU.ActiveCfg = Debug|Any CPU
		{87602FF3-8326-45B4-B3D4-BC7F480952AF}.Debug|Any CPU.Build.0 = Debug|Any CPU
		{87602FF3-8326-45B4-B3D4-BC7F480952AF}.Debug|x64.ActiveCfg = Debug|x64
		{87602FF3-8326-45B4-B3D4-BC7F480952AF}.Debug|x64.Build.0 = Debug|x64
		{87602FF3-8326-45B4-B3D4-BC7F480952AF}.Release|Any CPU.ActiveCfg = Release|Any CPU
		{87602FF3-8326-45B4-B3D4-BC7F480952AF}.Release|Any CPU.Build.0 = Release|Any CPU
		{87602FF3-8326-45B4-B3D4-BC7F480952AF}.Release|x64.ActiveCfg = Release|x64
		{87602FF3-8326-45B4-B3D4-BC7F480952AF}.Release|x64.Build.0 = Release|x64
	EndGlobalSection
	GlobalSection(SolutionProperties) = preSolution
		HideSolutionNode = FALSE
	EndGlobalSection
	GlobalSection(ExtensibilityGlobals) = postSolution
		SolutionGuid = {8D81BA30-F32B-4B8C-9453-1F9638CB61C0}
	EndGlobalSection
EndGlobal
